// !$*UTF8*$!
{
	archiveVersion = 1;
	classes = {
	};
	objectVersion = 77;
	objects = {

/* Begin PBXBuildFile section */
		90638AE82FCA28BE00FD7F19 /* .gitignore in Resources */ = {isa = PBXBuildFile; fileRef = 90638AE72FCA28BE00FD7F19 /* .gitignore */; };
		90638B3A2FCA520B00FD7F19 /* AnyCodable in Frameworks */ = {isa = PBXBuildFile; productRef = 90638B392FCA520B00FD7F19 /* AnyCodable */; };
/* End PBXBuildFile section */

/* Begin PBXContainerItemProxy section */
		90380FE02FC7942E000FCB28 /* PBXContainerItemProxy */ = {
			isa = PBXContainerItemProxy;
			containerPortal = 90380FCA2FC7942C000FCB28 /* Project object */;
			proxyType = 1;
			remoteGlobalIDString = 90380FD12FC7942C000FCB28;
			remoteInfo = SmartHomeAppIOS;
		};
		90380FEA2FC7942E000FCB28 /* PBXContainerItemProxy */ = {
			isa = PBXContainerItemProxy;
			containerPortal = 90380FCA2FC7942C000FCB28 /* Project object */;
			proxyType = 1;
			remoteGlobalIDString = 90380FD12FC7942C000FCB28;
			remoteInfo = SmartHomeAppIOS;
		};
/* End PBXContainerItemProxy section */

/* Begin PBXFileReference section */
		90380FD22FC7942C000FCB28 /* SmartHomeAppIOS.app */ = {isa = PBXFileReference; explicitFileType = wrapper.application; includeInIndex = 0; path = SmartHomeAppIOS.app; sourceTree = BUILT_PRODUCTS_DIR; };
		90380FDF2FC7942E000FCB28 /* SmartHomeAppIOSTests.xctest */ = {isa = PBXFileReference; explicitFileType = wrapper.cfbundle; includeInIndex = 0; path = SmartHomeAppIOSTests.xctest; sourceTree = BUILT_PRODUCTS_DIR; };
		90380FE92FC7942E000FCB28 /* SmartHomeAppIOSUITests.xctest */ = {isa = PBXFileReference; explicitFileType = wrapper.cfbundle; includeInIndex = 0; path = SmartHomeAppIOSUITests.xctest; sourceTree = BUILT_PRODUCTS_DIR; };
		90638AE72FCA28BE00FD7F19 /* .gitignore */ = {isa = PBXFileReference; lastKnownFileType = text; path = .gitignore; sourceTree = "<group>"; };
		90638AE92FCA2BF600FD7F19 /* .claudeignore */ = {isa = PBXFileReference; lastKnownFileType = text; path = .claudeignore; sourceTree = "<group>"; };
		90638B032FCA2E6800FD7F19 /* .swiftlint.yaml */ = {isa = PBXFileReference; lastKnownFileType = text.yaml; path = .swiftlint.yaml; sourceTree = "<group>"; };
		90638B042FCA2E6800FD7F19 /* CLAUDE.md */ = {isa = PBXFileReference; lastKnownFileType = net.daringfireball.markdown; path = CLAUDE.md; sourceTree = "<group>"; };
		90638B052FCA31D800FD7F19 /* README.md */ = {isa = PBXFileReference; lastKnownFileType = net.daringfireball.markdown; path = README.md; sourceTree = "<group>"; };
		90638B062FCA332700FD7F19 /* LICENSE */ = {isa = PBXFileReference; lastKnownFileType = text; path = LICENSE; sourceTree = "<group>"; };
/* End PBXFileReference section */

/* Begin PBXFileSystemSynchronizedRootGroup section */
		90380FD42FC7942C000FCB28 /* SmartHomeAppIOS */ = {
			isa = PBXFileSystemSynchronizedRootGroup;
			path = SmartHomeAppIOS;
			sourceTree = "<group>";
		};
		90380FE22FC7942E000FCB28 /* SmartHomeAppIOSTests */ = {
			isa = PBXFileSystemSynchronizedRootGroup;
			path = SmartHomeAppIOSTests;
			sourceTree = "<group>";
		};
		90380FEC2FC7942E000FCB28 /* SmartHomeAppIOSUITests */ = {
			isa = PBXFileSystemSynchronizedRootGroup;
			path = SmartHomeAppIOSUITests;
			sourceTree = "<group>";
		};
		90638AFF2FCA2C5700FD7F19 /* .claude */ = {
			isa = PBXFileSystemSynchronizedRootGroup;
			path = .claude;
			sourceTree = "<group>";
		};
/* End PBXFileSystemSynchronizedRootGroup section */

/* Begin PBXFrameworksBuildPhase section */
		90380FCF2FC7942C000FCB28 /* Frameworks */ = {
			isa = PBXFrameworksBuildPhase;
			buildActionMask = 2147483647;
			files = (
				90638B3A2FCA520B00FD7F19 /* AnyCodable in Frameworks */,
			);
			runOnlyForDeploymentPostprocessing = 0;
		};
		90380FDC2FC7942E000FCB28 /* Frameworks */ = {
			isa = PBXFrameworksBuildPhase;
			buildActionMask = 2147483647;
			files = (
			);
			runOnlyForDeploymentPostprocessing = 0;
		};
		90380FE62FC7942E000FCB28 /* Frameworks */ = {
			isa = PBXFrameworksBuildPhase;
			buildActionMask = 2147483647;
			files = (
			);
			runOnlyForDeploymentPostprocessing = 0;
		};
/* End PBXFrameworksBuildPhase section */

/* Begin PBXGroup section */
		90380FC92FC7942C000FCB28 = {
			isa = PBXGroup;
			children = (
				90638AFF2FCA2C5700FD7F19 /* .claude */,
				90380FD42FC7942C000FCB28 /* SmartHomeAppIOS */,
				90380FE22FC7942E000FCB28 /* SmartHomeAppIOSTests */,
				90380FEC2FC7942E000FCB28 /* SmartHomeAppIOSUITests */,
				90380FD32FC7942C000FCB28 /* Products */,
				90638AE72FCA28BE00FD7F19 /* .gitignore */,
				90638B032FCA2E6800FD7F19 /* .swiftlint.yaml */,
				90638AE92FCA2BF600FD7F19 /* .claudeignore */,
				90638B042FCA2E6800FD7F19 /* CLAUDE.md */,
				90638B052FCA31D800FD7F19 /* README.md */,
				90638B062FCA332700FD7F19 /* LICENSE */,
			);
			sourceTree = "<group>";
		};
		90380FD32FC7942C000FCB28 /* Products */ = {
			isa = PBXGroup;
			children = (
				90380FD22FC7942C000FCB28 /* SmartHomeAppIOS.app */,
				90380FDF2FC7942E000FCB28 /* SmartHomeAppIOSTests.xctest */,
				90380FE92FC7942E000FCB28 /* SmartHomeAppIOSUITests.xctest */,
			);
			name = Products;
			sourceTree = "<group>";
		};
/* End PBXGroup section */

/* Begin PBXNativeTarget section */
		90380FD12FC7942C000FCB28 /* SmartHomeAppIOS */ = {
			isa = PBXNativeTarget;
			buildConfigurationList = 90380FF32FC7942E000FCB28 /* Build configuration list for PBXNativeTarget "SmartHomeAppIOS" */;
			buildPhases = (
				90380FCE2FC7942C000FCB28 /* Sources */,
				90380FCF2FC7942C000FCB28 /* Frameworks */,
				90380FD02FC7942C000FCB28 /* Resources */,
			);
			buildRules = (
			);
			dependencies = (
				90638B962FCC9AB000FD7F19 /* PBXTargetDependency */,
			);
			fileSystemSynchronizedGroups = (
				90380FD42FC7942C000FCB28 /* SmartHomeAppIOS */,
			);
			name = SmartHomeAppIOS;
			packageProductDependencies = (
				90638B392FCA520B00FD7F19 /* AnyCodable */,
			);
			productName = SmartHomeAppIOS;
			productReference = 90380FD22FC7942C000FCB28 /* SmartHomeAppIOS.app */;
			productType = "com.apple.product-type.application";
		};
		90380FDE2FC7942E000FCB28 /* SmartHomeAppIOSTests */ = {
			isa = PBXNativeTarget;
			buildConfigurationList = 90380FF62FC7942E000FCB28 /* Build configuration list for PBXNativeTarget "SmartHomeAppIOSTests" */;
			buildPhases = (
				90380FDB2FC7942E000FCB28 /* Sources */,
				90380FDC2FC7942E000FCB28 /* Frameworks */,
				90380FDD2FC7942E000FCB28 /* Resources */,
			);
			buildRules = (
			);
			dependencies = (
				90380FE12FC7942E000FCB28 /* PBXTargetDependency */,
			);
			fileSystemSynchronizedGroups = (
				90380FE22FC7942E000FCB28 /* SmartHomeAppIOSTests */,
			);
			name = SmartHomeAppIOSTests;
			packageProductDependencies = (
			);
			productName = SmartHomeAppIOSTests;
			productReference = 90380FDF2FC7942E000FCB28 /* SmartHomeAppIOSTests.xctest */;
			productType = "com.apple.product-type.bundle.unit-test";
		};
		90380FE82FC7942E000FCB28 /* SmartHomeAppIOSUITests */ = {
			isa = PBXNativeTarget;
			buildConfigurationList = 90380FF92FC7942E000FCB28 /* Build configuration list for PBXNativeTarget "SmartHomeAppIOSUITests" */;
			buildPhases = (
				90380FE52FC7942E000FCB28 /* Sources */,
				90380FE62FC7942E000FCB28 /* Frameworks */,
				90380FE72FC7942E000FCB28 /* Resources */,
			);
			buildRules = (
			);
			dependencies = (
				90380FEB2FC7942E000FCB28 /* PBXTargetDependency */,
			);
			fileSystemSynchronizedGroups = (
				90380FEC2FC7942E000FCB28 /* SmartHomeAppIOSUITests */,
			);
			name = SmartHomeAppIOSUITests;
			packageProductDependencies = (
			);
			productName = SmartHomeAppIOSUITests;
			productReference = 90380FE92FC7942E000FCB28 /* SmartHomeAppIOSUITests.xctest */;
			productType = "com.apple.product-type.bundle.ui-testing";
		};
/* End PBXNativeTarget section */

/* Begin PBXProject section */
		90380FCA2FC7942C000FCB28 /* Project object */ = {
			isa = PBXProject;
			attributes = {
				BuildIndependentTargetsInParallel = 1;
				LastSwiftUpdateCheck = 2650;
				LastUpgradeCheck = 2650;
				TargetAttributes = {
					90380FD12FC7942C000FCB28 = {
						CreatedOnToolsVersion = 26.5;
					};
					90380FDE2FC7942E000FCB28 = {
						CreatedOnToolsVersion = 26.5;
						TestTargetID = 90380FD12FC7942C000FCB28;
					};
					90380FE82FC7942E000FCB28 = {
						CreatedOnToolsVersion = 26.5;
						TestTargetID = 90380FD12FC7942C000FCB28;
					};
				};
			};
			buildConfigurationList = 90380FCD2FC7942C000FCB28 /* Build configuration list for PBXProject "SmartHomeAppIOS" */;
			developmentRegion = en;
			hasScannedForEncodings = 0;
			knownRegions = (
				en,
				Base,
			);
			mainGroup = 90380FC92FC7942C000FCB28;
			minimizedProjectReferenceProxies = 1;
			packageReferences = (
				90638B382FCA520B00FD7F19 /* XCRemoteSwiftPackageReference "AnyCodable" */,
				90638B942FCC9A8700FD7F19 /* XCRemoteSwiftPackageReference "SwiftLint" */,
			);
			preferredProjectObjectVersion = 77;
			productRefGroup = 90380FD32FC7942C000FCB28 /* Products */;
			projectDirPath = "";
			projectRoot = "";
			targets = (
				90380FD12FC7942C000FCB28 /* SmartHomeAppIOS */,
				90380FDE2FC7942E000FCB28 /* SmartHomeAppIOSTests */,
				90380FE82FC7942E000FCB28 /* SmartHomeAppIOSUITests */,
			);
		};
/* End PBXProject section */

/* Begin PBXResourcesBuildPhase section */
		90380FD02FC7942C000FCB28 /* Resources */ = {
			isa = PBXResourcesBuildPhase;
			buildActionMask = 2147483647;
			files = (
				90638AE82FCA28BE00FD7F19 /* .gitignore in Resources */,
			);
			runOnlyForDeploymentPostprocessing = 0;
		};
		90380FDD2FC7942E000FCB28 /* Resources */ = {
			isa = PBXResourcesBuildPhase;
			buildActionMask = 2147483647;
			files = (
			);
			runOnlyForDeploymentPostprocessing = 0;
		};
		90380FE72FC7942E000FCB28 /* Resources */ = {
			isa = PBXResourcesBuildPhase;
			buildActionMask = 2147483647;
			files = (
			);
			runOnlyForDeploymentPostprocessing = 0;
		};
/* End PBXResourcesBuildPhase section */

/* Begin PBXSourcesBuildPhase section */
		90380FCE2FC7942C000FCB28 /* Sources */ = {
			isa = PBXSourcesBuildPhase;
			buildActionMask = 2147483647;
			files = (
			);
			runOnlyForDeploymentPostprocessing = 0;
		};
		90380FDB2FC7942E000FCB28 /* Sources */ = {
			isa = PBXSourcesBuildPhase;
			buildActionMask = 2147483647;
			files = (
			);
			runOnlyForDeploymentPostprocessing = 0;
		};
		90380FE52FC7942E000FCB28 /* Sources */ = {
			isa = PBXSourcesBuildPhase;
			buildActionMask = 2147483647;
			files = (
			);
			runOnlyForDeploymentPostprocessing = 0;
		};
/* End PBXSourcesBuildPhase section */

/* Begin PBXTargetDependency section */
		90380FE12FC7942E000FCB28 /* PBXTargetDependency */ = {
			isa = PBXTargetDependency;
			target = 90380FD12FC7942C000FCB28 /* SmartHomeAppIOS */;
			targetProxy = 90380FE02FC7942E000FCB28 /* PBXContainerItemProxy */;
		};
		90380FEB2FC7942E000FCB28 /* PBXTargetDependency */ = {
			isa = PBXTargetDependency;
			target = 90380FD12FC7942C000FCB28 /* SmartHomeAppIOS */;
			targetProxy = 90380FEA2FC7942E000FCB28 /* PBXContainerItemProxy */;
		};
		90638B962FCC9AB000FD7F19 /* PBXTargetDependency */ = {
			isa = PBXTargetDependency;
			productRef = 90638B952FCC9AB000FD7F19 /* SwiftLintBuildToolPlugin */;
		};
/* End PBXTargetDependency section */

/* Begin XCBuildConfiguration section */
		90380FF12FC7942E000FCB28 /* Debug */ = {
			isa = XCBuildConfiguration;
			buildSettings = {
				ALWAYS_SEARCH_USER_PATHS = NO;
				ASSETCATALOG_COMPILER_GENERATE_SWIFT_ASSET_SYMBOL_EXTENSIONS = YES;
				CLANG_ANALYZER_NONNULL = YES;
				CLANG_ANALYZER_NUMBER_OBJECT_CONVERSION = YES_AGGRESSIVE;
				CLANG_CXX_LANGUAGE_STANDARD = "gnu++20";
				CLANG_ENABLE_MODULES = YES;
				CLANG_ENABLE_OBJC_ARC = YES;
				CLANG_ENABLE_OBJC_WEAK = YES;
				CLANG_WARN_BLOCK_CAPTURE_AUTORELEASING = YES;
				CLANG_WARN_BOOL_CONVERSION = YES;
				CLANG_WARN_COMMA = YES;
				CLANG_WARN_CONSTANT_CONVERSION = YES;
				CLANG_WARN_DEPRECATED_OBJC_IMPLEMENTATIONS = YES;
				CLANG_WARN_DIRECT_OBJC_ISA_USAGE = YES_ERROR;
				CLANG_WARN_DOCUMENTATION_COMMENTS = YES;
				CLANG_WARN_EMPTY_BODY = YES;
				CLANG_WARN_ENUM_CONVERSION = YES;
				CLANG_WARN_INFINITE_RECURSION = YES;
				CLANG_WARN_INT_CONVERSION = YES;
				CLANG_WARN_NON_LITERAL_NULL_CONVERSION = YES;
				CLANG_WARN_OBJC_IMPLICIT_RETAIN_SELF = YES;
				CLANG_WARN_OBJC_LITERAL_CONVERSION = YES;
				CLANG_WARN_OBJC_ROOT_CLASS = YES_ERROR;
				CLANG_WARN_QUOTED_INCLUDE_IN_FRAMEWORK_HEADER = YES;
				CLANG_WARN_RANGE_LOOP_ANALYSIS = YES;
				CLANG_WARN_STRICT_PROTOTYPES = YES;
				CLANG_WARN_SUSPICIOUS_MOVE = YES;
				CLANG_WARN_UNGUARDED_AVAILABILITY = YES_AGGRESSIVE;
				CLANG_WARN_UNREACHABLE_CODE = YES;
				CLANG_WARN__DUPLICATE_METHOD_MATCH = YES;
				COPY_PHASE_STRIP = NO;
				DEBUG_INFORMATION_FORMAT = dwarf;
				DEVELOPMENT_TEAM = 84L7NX22T3;
				ENABLE_STRICT_OBJC_MSGSEND = YES;
				ENABLE_TESTABILITY = YES;
				ENABLE_USER_SCRIPT_SANDBOXING = YES;
				GCC_C_LANGUAGE_STANDARD = gnu17;
				GCC_DYNAMIC_NO_PIC = NO;
				GCC_NO_COMMON_BLOCKS = YES;
				GCC_OPTIMIZATION_LEVEL = 0;
				GCC_PREPROCESSOR_DEFINITIONS = (
					"DEBUG=1",
					"$(inherited)",
				);
				GCC_WARN_64_TO_32_BIT_CONVERSION = YES;
				GCC_WARN_ABOUT_RETURN_TYPE = YES_ERROR;
				GCC_WARN_UNDECLARED_SELECTOR = YES;
				GCC_WARN_UNINITIALIZED_AUTOS = YES_AGGRESSIVE;
				GCC_WARN_UNUSED_FUNCTION = YES;
				GCC_WARN_UNUSED_VARIABLE = YES;
				IPHONEOS_DEPLOYMENT_TARGET = 26.5;
				LOCALIZATION_PREFERS_STRING_CATALOGS = YES;
				MTL_ENABLE_DEBUG_INFO = INCLUDE_SOURCE;
				MTL_FAST_MATH = YES;
				ONLY_ACTIVE_ARCH = YES;
				SDKROOT = iphoneos;
				SWIFT_ACTIVE_COMPILATION_CONDITIONS = "DEBUG $(inherited)";
				SWIFT_OPTIMIZATION_LEVEL = "-Onone";
			};
			name = Debug;
		};
		90380FF22FC7942E000FCB28 /* Release */ = {
			isa = XCBuildConfiguration;
			buildSettings = {
				ALWAYS_SEARCH_USER_PATHS = NO;
				ASSETCATALOG_COMPILER_GENERATE_SWIFT_ASSET_SYMBOL_EXTENSIONS = YES;
				CLANG_ANALYZER_NONNULL = YES;
				CLANG_ANALYZER_NUMBER_OBJECT_CONVERSION = YES_AGGRESSIVE;
				CLANG_CXX_LANGUAGE_STANDARD = "gnu++20";
				CLANG_ENABLE_MODULES = YES;
				CLANG_ENABLE_OBJC_ARC = YES;
				CLANG_ENABLE_OBJC_WEAK = YES;
				CLANG_WARN_BLOCK_CAPTURE_AUTORELEASING = YES;
				CLANG_WARN_BOOL_CONVERSION = YES;
				CLANG_WARN_COMMA = YES;
				CLANG_WARN_CONSTANT_CONVERSION = YES;
				CLANG_WARN_DEPRECATED_OBJC_IMPLEMENTATIONS = YES;
				CLANG_WARN_DIRECT_OBJC_ISA_USAGE = YES_ERROR;
				CLANG_WARN_DOCUMENTATION_COMMENTS = YES;
				CLANG_WARN_EMPTY_BODY = YES;
				CLANG_WARN_ENUM_CONVERSION = YES;
				CLANG_WARN_INFINITE_RECURSION = YES;
				CLANG_WARN_INT_CONVERSION = YES;
				CLANG_WARN_NON_LITERAL_NULL_CONVERSION = YES;
				CLANG_WARN_OBJC_IMPLICIT_RETAIN_SELF = YES;
				CLANG_WARN_OBJC_LITERAL_CONVERSION = YES;
				CLANG_WARN_OBJC_ROOT_CLASS = YES_ERROR;
				CLANG_WARN_QUOTED_INCLUDE_IN_FRAMEWORK_HEADER = YES;
				CLANG_WARN_RANGE_LOOP_ANALYSIS = YES;
				CLANG_WARN_STRICT_PROTOTYPES = YES;
				CLANG_WARN_SUSPICIOUS_MOVE = YES;
				CLANG_WARN_UNGUARDED_AVAILABILITY = YES_AGGRESSIVE;
				CLANG_WARN_UNREACHABLE_CODE = YES;
				CLANG_WARN__DUPLICATE_METHOD_MATCH = YES;
				COPY_PHASE_STRIP = NO;
				DEBUG_INFORMATION_FORMAT = "dwarf-with-dsym";
				DEVELOPMENT_TEAM = 84L7NX22T3;
				ENABLE_NS_ASSERTIONS = NO;
				ENABLE_STRICT_OBJC_MSGSEND = YES;
				ENABLE_USER_SCRIPT_SANDBOXING = YES;
				GCC_C_LANGUAGE_STANDARD = gnu17;
				GCC_NO_COMMON_BLOCKS = YES;
				GCC_WARN_64_TO_32_BIT_CONVERSION = YES;
				GCC_WARN_ABOUT_RETURN_TYPE = YES_ERROR;
				GCC_WARN_UNDECLARED_SELECTOR = YES;
				GCC_WARN_UNINITIALIZED_AUTOS = YES_AGGRESSIVE;
				GCC_WARN_UNUSED_FUNCTION = YES;
				GCC_WARN_UNUSED_VARIABLE = YES;
				IPHONEOS_DEPLOYMENT_TARGET = 26.5;
				LOCALIZATION_PREFERS_STRING_CATALOGS = YES;
				MTL_ENABLE_DEBUG_INFO = NO;
				MTL_FAST_MATH = YES;
				SDKROOT = iphoneos;
				SWIFT_COMPILATION_MODE = wholemodule;
				VALIDATE_PRODUCT = YES;
			};
			name = Release;
		};
		90380FF42FC7942E000FCB28 /* Debug */ = {
			isa = XCBuildConfiguration;
			buildSettings = {
				ASSETCATALOG_COMPILER_APPICON_NAME = AppIcon;
				ASSETCATALOG_COMPILER_GLOBAL_ACCENT_COLOR_NAME = AccentColor;
				CODE_SIGN_STYLE = Automatic;
				CURRENT_PROJECT_VERSION = 1;
				DEVELOPMENT_TEAM = 84L7NX22T3;
				ENABLE_PREVIEWS = YES;
				GENERATE_INFOPLIST_FILE = YES;
				INFOPLIST_KEY_CFBundleDisplayName = "My Home";
				INFOPLIST_KEY_LSApplicationCategoryType = "public.app-category.lifestyle";
				INFOPLIST_KEY_UIApplicationSceneManifest_Generation = YES;
				INFOPLIST_KEY_UIApplicationSupportsIndirectInputEvents = YES;
				INFOPLIST_KEY_UILaunchScreen_Generation = YES;
				INFOPLIST_KEY_UISupportedInterfaceOrientations_iPad = "UIInterfaceOrientationPortrait UIInterfaceOrientationPortraitUpsideDown UIInterfaceOrientationLandscapeLeft UIInterfaceOrientationLandscapeRight";
				INFOPLIST_KEY_UISupportedInterfaceOrientations_iPhone = "UIInterfaceOrientationPortrait UIInterfaceOrientationLandscapeLeft UIInterfaceOrientationLandscapeRight";
				IPHONEOS_DEPLOYMENT_TARGET = 18.6;
				LD_RUNPATH_SEARCH_PATHS = (
					"$(inherited)",
					"@executable_path/Frameworks",
				);
				MARKETING_VERSION = 1.0;
				PRODUCT_BUNDLE_IDENTIFIER = com.ilyamatsuev.SmartHomeAppIOS;
				PRODUCT_NAME = "$(TARGET_NAME)";
				STRING_CATALOG_GENERATE_SYMBOLS = YES;
				SUPPORTED_PLATFORMS = "iphoneos iphonesimulator";
				SUPPORTS_MACCATALYST = NO;
				SUPPORTS_MAC_DESIGNED_FOR_IPHONE_IPAD = NO;
				SUPPORTS_XR_DESIGNED_FOR_IPHONE_IPAD = NO;
				SWIFT_APPROACHABLE_CONCURRENCY = YES;
				SWIFT_DEFAULT_ACTOR_ISOLATION = nonisolated;
				SWIFT_EMIT_LOC_STRINGS = YES;
				SWIFT_UPCOMING_FEATURE_MEMBER_IMPORT_VISIBILITY = YES;
				SWIFT_VERSION = 5.0;
				TARGETED_DEVICE_FAMILY = "1,2";
			};
			name = Debug;
		};
		90380FF52FC7942E000FCB28 /* Release */ = {
			isa = XCBuildConfiguration;
			buildSettings = {
				ASSETCATALOG_COMPILER_APPICON_NAME = AppIcon;
				ASSETCATALOG_COMPILER_GLOBAL_ACCENT_COLOR_NAME = AccentColor;
				CODE_SIGN_STYLE = Automatic;
				CURRENT_PROJECT_VERSION = 1;
				DEVELOPMENT_TEAM = 84L7NX22T3;
				ENABLE_PREVIEWS = YES;
				GENERATE_INFOPLIST_FILE = YES;
				INFOPLIST_KEY_CFBundleDisplayName = "My Home";
				INFOPLIST_KEY_LSApplicationCategoryType = "public.app-category.lifestyle";
				INFOPLIST_KEY_UIApplicationSceneManifest_Generation = YES;
				INFOPLIST_KEY_UIApplicationSupportsIndirectInputEvents = YES;
				INFOPLIST_KEY_UILaunchScreen_Generation = YES;
				INFOPLIST_KEY_UISupportedInterfaceOrientations_iPad = "UIInterfaceOrientationPortrait UIInterfaceOrientationPortraitUpsideDown UIInterfaceOrientationLandscapeLeft UIInterfaceOrientationLandscapeRight";
				INFOPLIST_KEY_UISupportedInterfaceOrientations_iPhone = "UIInterfaceOrientationPortrait UIInterfaceOrientationLandscapeLeft UIInterfaceOrientationLandscapeRight";
				IPHONEOS_DEPLOYMENT_TARGET = 18.6;
				LD_RUNPATH_SEARCH_PATHS = (
					"$(inherited)",
					"@executable_path/Frameworks",
				);
				MARKETING_VERSION = 1.0;
				PRODUCT_BUNDLE_IDENTIFIER = com.ilyamatsuev.SmartHomeAppIOS;
				PRODUCT_NAME = "$(TARGET_NAME)";
				STRING_CATALOG_GENERATE_SYMBOLS = YES;
				SUPPORTED_PLATFORMS = "iphoneos iphonesimulator";
				SUPPORTS_MACCATALYST = NO;
				SUPPORTS_MAC_DESIGNED_FOR_IPHONE_IPAD = NO;
				SUPPORTS_XR_DESIGNED_FOR_IPHONE_IPAD = NO;
				SWIFT_APPROACHABLE_CONCURRENCY = YES;
				SWIFT_DEFAULT_ACTOR_ISOLATION = nonisolated;
				SWIFT_EMIT_LOC_STRINGS = YES;
				SWIFT_UPCOMING_FEATURE_MEMBER_IMPORT_VISIBILITY = YES;
				SWIFT_VERSION = 5.0;
				TARGETED_DEVICE_FAMILY = "1,2";
			};
			name = Release;
		};
		90380FF72FC7942E000FCB28 /* Debug */ = {
			isa = XCBuildConfiguration;
			buildSettings = {
				BUNDLE_LOADER = "$(TEST_HOST)";
				CODE_SIGN_STYLE = Automatic;
				CURRENT_PROJECT_VERSION = 1;
				DEVELOPMENT_TEAM = 84L7NX22T3;
				GENERATE_INFOPLIST_FILE = YES;
				IPHONEOS_DEPLOYMENT_TARGET = 26.5;
				MARKETING_VERSION = 1.0;
				PRODUCT_BUNDLE_IDENTIFIER = com.ilyamatsuev.SmartHomeAppIOSTests;
				PRODUCT_NAME = "$(TARGET_NAME)";
				STRING_CATALOG_GENERATE_SYMBOLS = NO;
				SWIFT_APPROACHABLE_CONCURRENCY = YES;
				SWIFT_EMIT_LOC_STRINGS = NO;
				SWIFT_UPCOMING_FEATURE_MEMBER_IMPORT_VISIBILITY = YES;
				SWIFT_VERSION = 5.0;
				TARGETED_DEVICE_FAMILY = "1,2";
				TEST_HOST = "$(BUILT_PRODUCTS_DIR)/SmartHomeAppIOS.app/$(BUNDLE_EXECUTABLE_FOLDER_PATH)/SmartHomeAppIOS";
			};
			name = Debug;
		};
		90380FF82FC7942E000FCB28 /* Release */ = {
			isa = XCBuildConfiguration;
			buildSettings = {
				BUNDLE_LOADER = "$(TEST_HOST)";
				CODE_SIGN_STYLE = Automatic;
				CURRENT_PROJECT_VERSION = 1;
				DEVELOPMENT_TEAM = 84L7NX22T3;
				GENERATE_INFOPLIST_FILE = YES;
				IPHONEOS_DEPLOYMENT_TARGET = 26.5;
				MARKETING_VERSION = 1.0;
				PRODUCT_BUNDLE_IDENTIFIER = com.ilyamatsuev.SmartHomeAppIOSTests;
				PRODUCT_NAME = "$(TARGET_NAME)";
				STRING_CATALOG_GENERATE_SYMBOLS = NO;
				SWIFT_APPROACHABLE_CONCURRENCY = YES;
				SWIFT_EMIT_LOC_STRINGS = NO;
				SWIFT_UPCOMING_FEATURE_MEMBER_IMPORT_VISIBILITY = YES;
				SWIFT_VERSION = 5.0;
				TARGETED_DEVICE_FAMILY = "1,2";
				TEST_HOST = "$(BUILT_PRODUCTS_DIR)/SmartHomeAppIOS.app/$(BUNDLE_EXECUTABLE_FOLDER_PATH)/SmartHomeAppIOS";
			};
			name = Release;
		};
		90380FFA2FC7942E000FCB28 /* Debug */ = {
			isa = XCBuildConfiguration;
			buildSettings = {
				CODE_SIGN_STYLE = Automatic;
				CURRENT_PROJECT_VERSION = 1;
				DEVELOPMENT_TEAM = 84L7NX22T3;
				GENERATE_INFOPLIST_FILE = YES;
				MARKETING_VERSION = 1.0;
				PRODUCT_BUNDLE_IDENTIFIER = com.ilyamatsuev.SmartHomeAppIOSUITests;
				PRODUCT_NAME = "$(TARGET_NAME)";
				STRING_CATALOG_GENERATE_SYMBOLS = NO;
				SWIFT_APPROACHABLE_CONCURRENCY = YES;
				SWIFT_EMIT_LOC_STRINGS = NO;
				SWIFT_UPCOMING_FEATURE_MEMBER_IMPORT_VISIBILITY = YES;
				SWIFT_VERSION = 5.0;
				TARGETED_DEVICE_FAMILY = "1,2";
				TEST_TARGET_NAME = SmartHomeAppIOS;
			};
			name = Debug;
		};
		90380FFB2FC7942E000FCB28 /* Release */ = {
			isa = XCBuildConfiguration;
			buildSettings = {
				CODE_SIGN_STYLE = Automatic;
				CURRENT_PROJECT_VERSION = 1;
				DEVELOPMENT_TEAM = 84L7NX22T3;
				GENERATE_INFOPLIST_FILE = YES;
				MARKETING_VERSION = 1.0;
				PRODUCT_BUNDLE_IDENTIFIER = com.ilyamatsuev.SmartHomeAppIOSUITests;
				PRODUCT_NAME = "$(TARGET_NAME)";
				STRING_CATALOG_GENERATE_SYMBOLS = NO;
				SWIFT_APPROACHABLE_CONCURRENCY = YES;
				SWIFT_EMIT_LOC_STRINGS = NO;
				SWIFT_UPCOMING_FEATURE_MEMBER_IMPORT_VISIBILITY = YES;
				SWIFT_VERSION = 5.0;
				TARGETED_DEVICE_FAMILY = "1,2";
				TEST_TARGET_NAME = SmartHomeAppIOS;
			};
			name = Release;
		};
/* End XCBuildConfiguration section */

/* Begin XCConfigurationList section */
		90380FCD2FC7942C000FCB28 /* Build configuration list for PBXProject "SmartHomeAppIOS" */ = {
			isa = XCConfigurationList;
			buildConfigurations = (
				90380FF12FC7942E000FCB28 /* Debug */,
				90380FF22FC7942E000FCB28 /* Release */,
			);
			defaultConfigurationIsVisible = 0;
			defaultConfigurationName = Release;
		};
		90380FF32FC7942E000FCB28 /* Build configuration list for PBXNativeTarget "SmartHomeAppIOS" */ = {
			isa = XCConfigurationList;
			buildConfigurations = (
				90380FF42FC7942E000FCB28 /* Debug */,
				90380FF52FC7942E000FCB28 /* Release */,
			);
			defaultConfigurationIsVisible = 0;
			defaultConfigurationName = Release;
		};
		90380FF62FC7942E000FCB28 /* Build configuration list for PBXNativeTarget "SmartHomeAppIOSTests" */ = {
			isa = XCConfigurationList;
			buildConfigurations = (
				90380FF72FC7942E000FCB28 /* Debug */,
				90380FF82FC7942E000FCB28 /* Release */,
			);
			defaultConfigurationIsVisible = 0;
			defaultConfigurationName = Release;
		};
		90380FF92FC7942E000FCB28 /* Build configuration list for PBXNativeTarget "SmartHomeAppIOSUITests" */ = {
			isa = XCConfigurationList;
			buildConfigurations = (
				90380FFA2FC7942E000FCB28 /* Debug */,
				90380FFB2FC7942E000FCB28 /* Release */,
			);
			defaultConfigurationIsVisible = 0;
			defaultConfigurationName = Release;
		};
/* End XCConfigurationList section */

/* Begin XCRemoteSwiftPackageReference section */
		90638B382FCA520B00FD7F19 /* XCRemoteSwiftPackageReference "AnyCodable" */ = {
			isa = XCRemoteSwiftPackageReference;
			repositoryURL = "https://github.com/Flight-School/AnyCodable";
			requirement = {
				kind = upToNextMajorVersion;
				minimumVersion = 0.6.7;
			};
		};
		90638B942FCC9A8700FD7F19 /* XCRemoteSwiftPackageReference "SwiftLint" */ = {
			isa = XCRemoteSwiftPackageReference;
			repositoryURL = "https://github.com/realm/SwiftLint";
			requirement = {
				kind = upToNextMajorVersion;
				minimumVersion = 0.63.3;
			};
		};
/* End XCRemoteSwiftPackageReference section */

/* Begin XCSwiftPackageProductDependency section */
		90638B392FCA520B00FD7F19 /* AnyCodable */ = {
			isa = XCSwiftPackageProductDependency;
			package = 90638B382FCA520B00FD7F19 /* XCRemoteSwiftPackageReference "AnyCodable" */;
			productName = AnyCodable;
		};
		90638B952FCC9AB000FD7F19 /* SwiftLintBuildToolPlugin */ = {
			isa = XCSwiftPackageProductDependency;
			package = 90638B942FCC9A8700FD7F19 /* XCRemoteSwiftPackageReference "SwiftLint" */;
			productName = "plugin:SwiftLintBuildToolPlugin";
		};
/* End XCSwiftPackageProductDependency section */
	};
	rootObject = 90380FCA2FC7942C000FCB28 /* Project object */;
}
